
Microsoft Visual Studio Solution File, Format Version 12.00
# Visual Studio 15
VisualStudioVersion = 15.0.28307.1062
MinimumVisualStudioVersion = 10.0.40219.1
Project("{FAE04EC0-301F-11D3-BF4B-00C04F79EFBC}") = "ServerConfigRest_20180140070_SyafiraJafar", "ServerConfigRest_20180140070_SyafiraJafar.csproj", "{6BAD23D7-51BA-43DF-A112-8645E73A4BAB}"
EndProject
Global
	GlobalSection(SolutionConfigurationPlatforms) = preSolution
		Debug|Any CPU = Debug|Any CPU
		Release|Any CPU = Release|Any CPU
	EndGlobalSection
	GlobalSection(ProjectConfigurationPlatforms) = postSolution
		{6BAD23D7-51BA-43DF-A112-8645E73A4BAB}.Debug|Any CPU.ActiveCfg = Debug|Any CPU
		{6BAD23D7-51BA-43DF-A112-8645E73A4BAB}.Debug|Any CPU.Build.0 = Debug|Any CPU
		{6BAD23D7-51BA-43DF-A112-8645E73A4BAB}.Release|Any CPU.ActiveCfg = Release|Any CPU
		{6BAD23D7-51BA-43DF-A112-8645E73A4BAB}.Release|Any CPU.Build.0 = Release|Any CPU
	EndGlobalSection
	GlobalSection(SolutionProperties) = preSolution
		HideSolutionNode = FALSE
	EndGlobalSection
	GlobalSection(ExtensibilityGlobals) = postSolution
		SolutionGuid = {931A4793-7FD6-40FA-965E-AD0BC02A4480}
	EndGlobalSection
EndGlobal
